
Microsoft Visual Studio Solution File, Format Version 12.00
# Visual Studio Version 17
VisualStudioVersion = 17.7.34024.191
MinimumVisualStudioVersion = 10.0.40219.1
Project("{FAE04EC0-301F-11D3-BF4B-00C04F79EFBC}") = "Lab05", "Lab05.csproj", "{58EE1FDC-5F2E-4BCB-994D-C09BEFCF4265}"
EndProject
Global
	GlobalSection(SolutionConfigurationPlatforms) = preSolution
		Debug|Any CPU = Debug|Any CPU
		Release|Any CPU = Release|Any CPU
	EndGlobalSection
	GlobalSection(ProjectConfigurationPlatforms) = postSolution
		{58EE1FDC-5F2E-4BCB-994D-C09BEFCF4265}.Debug|Any CPU.ActiveCfg = Debug|Any CPU
		{58EE1FDC-5F2E-4BCB-994D-C09BEFCF4265}.Debug|Any CPU.Build.0 = Debug|Any CPU
		{58EE1FDC-5F2E-4BCB-994D-C09BEFCF4265}.Release|Any CPU.ActiveCfg = Release|Any CPU
		{58EE1FDC-5F2E-4BCB-994D-C09BEFCF4265}.Release|Any CPU.Build.0 = Release|Any CPU
	EndGlobalSection
	GlobalSection(SolutionProperties) = preSolution
		HideSolutionNode = FALSE
	EndGlobalSection
	GlobalSection(ExtensibilityGlobals) = postSolution
		SolutionGuid = {84F56269-2F9B-4B62-8D1F-B8EA757D91E4}
	EndGlobalSection
EndGlobal
